// !$*UTF8*$!
{
	archiveVersion = 1;
	classes = {
	};
	objectVersion = 56;
	objects = {

/* Begin PBXBuildFile section */
		2A049E6028596927008C4482 /* NetworkError.swift in Sources */ = {isa = PBXBuildFile; fileRef = 2A049E5F28596927008C4482 /* NetworkError.swift */; };
		2A4D178C2853994F00B30A04 /* BeerService.swift in Sources */ = {isa = PBXBuildFile; fileRef = 2A4D178B2853994F00B30A04 /* BeerService.swift */; };
		2A4D17922853A32700B30A04 /* Beer.swift in Sources */ = {isa = PBXBuildFile; fileRef = 2A4D17912853A32700B30A04 /* Beer.swift */; };
		2A4D1795285571DA00B30A04 /* BeerCell.xib in Resources */ = {isa = PBXBuildFile; fileRef = 2A4D1794285571DA00B30A04 /* BeerCell.xib */; };
		2A4D17972855726400B30A04 /* Constants.swift in Sources */ = {isa = PBXBuildFile; fileRef = 2A4D17962855726400B30A04 /* Constants.swift */; };
		2A4D17992855734E00B30A04 /* BeerCellListViewController.swift in Sources */ = {isa = PBXBuildFile; fileRef = 2A4D17982855734E00B30A04 /* BeerCellListViewController.swift */; };
		2A94A9502850B5A800C61C3A /* AppDelegate.swift in Sources */ = {isa = PBXBuildFile; fileRef = 2A94A94F2850B5A800C61C3A /* AppDelegate.swift */; };
		2A94A9522850B5A800C61C3A /* SceneDelegate.swift in Sources */ = {isa = PBXBuildFile; fileRef = 2A94A9512850B5A800C61C3A /* SceneDelegate.swift */; };
		2A94A9542850B5A800C61C3A /* BeersListViewController.swift in Sources */ = {isa = PBXBuildFile; fileRef = 2A94A9532850B5A800C61C3A /* BeersListViewController.swift */; };
		2A94A9572850B5A800C61C3A /* Beers.storyboard in Resources */ = {isa = PBXBuildFile; fileRef = 2A94A9552850B5A800C61C3A /* Beers.storyboard */; };
		2A94A9592850B5AA00C61C3A /* Assets.xcassets in Resources */ = {isa = PBXBuildFile; fileRef = 2A94A9582850B5AA00C61C3A /* Assets.xcassets */; };
		2A94A95C2850B5AA00C61C3A /* LaunchScreen.storyboard in Resources */ = {isa = PBXBuildFile; fileRef = 2A94A95A2850B5AA00C61C3A /* LaunchScreen.storyboard */; };
		2AA1AF5D28573EC6001ABDAA /* HTTPClient.swift in Sources */ = {isa = PBXBuildFile; fileRef = 2AA1AF5C28573EC6001ABDAA /* HTTPClient.swift */; };
		2AA1AF722857AF35001ABDAA /* AppCoordinator.swift in Sources */ = {isa = PBXBuildFile; fileRef = 2AA1AF712857AF35001ABDAA /* AppCoordinator.swift */; };
		2AADBFB22857B7F4000D74AD /* BeerDetailViewController.swift in Sources */ = {isa = PBXBuildFile; fileRef = 2AADBFB12857B7F4000D74AD /* BeerDetailViewController.swift */; };
		2AADBFB42857C4D3000D74AD /* Storyboarded.swift in Sources */ = {isa = PBXBuildFile; fileRef = 2AADBFB32857C4D3000D74AD /* Storyboarded.swift */; };
		2AADBFB72857D352000D74AD /* ImageLoader.swift in Sources */ = {isa = PBXBuildFile; fileRef = 2AADBFB62857D352000D74AD /* ImageLoader.swift */; };
/* End PBXBuildFile section */

/* Begin PBXFileReference section */
		2A049E5F28596927008C4482 /* NetworkError.swift */ = {isa = PBXFileReference; lastKnownFileType = sourcecode.swift; path = NetworkError.swift; sourceTree = "<group>"; };
		2A4D178B2853994F00B30A04 /* BeerService.swift */ = {isa = PBXFileReference; lastKnownFileType = sourcecode.swift; path = BeerService.swift; sourceTree = "<group>"; };
		2A4D17912853A32700B30A04 /* Beer.swift */ = {isa = PBXFileReference; lastKnownFileType = sourcecode.swift; path = Beer.swift; sourceTree = "<group>"; };
		2A4D1794285571DA00B30A04 /* BeerCell.xib */ = {isa = PBXFileReference; lastKnownFileType = file.xib; path = BeerCell.xib; sourceTree = "<group>"; };
		2A4D17962855726400B30A04 /* Constants.swift */ = {isa = PBXFileReference; lastKnownFileType = sourcecode.swift; path = Constants.swift; sourceTree = "<group>"; };
		2A4D17982855734E00B30A04 /* BeerCellListViewController.swift */ = {isa = PBXFileReference; lastKnownFileType = sourcecode.swift; path = BeerCellListViewController.swift; sourceTree = "<group>"; };
		2A94A94C2850B5A800C61C3A /* Beers.app */ = {isa = PBXFileReference; explicitFileType = wrapper.application; includeInIndex = 0; path = Beers.app; sourceTree = BUILT_PRODUCTS_DIR; };
		2A94A94F2850B5A800C61C3A /* AppDelegate.swift */ = {isa = PBXFileReference; lastKnownFileType = sourcecode.swift; path = AppDelegate.swift; sourceTree = "<group>"; };
		2A94A9512850B5A800C61C3A /* SceneDelegate.swift */ = {isa = PBXFileReference; lastKnownFileType = sourcecode.swift; path = SceneDelegate.swift; sourceTree = "<group>"; };
		2A94A9532850B5A800C61C3A /* BeersListViewController.swift */ = {isa = PBXFileReference; lastKnownFileType = sourcecode.swift; path = BeersListViewController.swift; sourceTree = "<group>"; };
		2A94A9562850B5A800C61C3A /* Base */ = {isa = PBXFileReference; lastKnownFileType = file.storyboard; name = Base; path = Base.lproj/Beers.storyboard; sourceTree = "<group>"; };
		2A94A9582850B5AA00C61C3A /* Assets.xcassets */ = {isa = PBXFileReference; lastKnownFileType = folder.assetcatalog; path = Assets.xcassets; sourceTree = "<group>"; };
		2A94A95B2850B5AA00C61C3A /* Base */ = {isa = PBXFileReference; lastKnownFileType = file.storyboard; name = Base; path = Base.lproj/LaunchScreen.storyboard; sourceTree = "<group>"; };
		2A94A95D2850B5AA00C61C3A /* Info.plist */ = {isa = PBXFileReference; lastKnownFileType = text.plist.xml; path = Info.plist; sourceTree = "<group>"; };
		2AA1AF5C28573EC6001ABDAA /* HTTPClient.swift */ = {isa = PBXFileReference; lastKnownFileType = sourcecode.swift; path = HTTPClient.swift; sourceTree = "<group>"; };
		2AA1AF712857AF35001ABDAA /* AppCoordinator.swift */ = {isa = PBXFileReference; lastKnownFileType = sourcecode.swift; path = AppCoordinator.swift; sourceTree = "<group>"; };
		2AADBFB12857B7F4000D74AD /* BeerDetailViewController.swift */ = {isa = PBXFileReference; lastKnownFileType = sourcecode.swift; path = BeerDetailViewController.swift; sourceTree = "<group>"; };
		2AADBFB32857C4D3000D74AD /* Storyboarded.swift */ = {isa = PBXFileReference; lastKnownFileType = sourcecode.swift; path = Storyboarded.swift; sourceTree = "<group>"; };
		2AADBFB62857D352000D74AD /* ImageLoader.swift */ = {isa = PBXFileReference; lastKnownFileType = sourcecode.swift; path = ImageLoader.swift; sourceTree = "<group>"; };
/* End PBXFileReference section */

/* Begin PBXFrameworksBuildPhase section */
		2A94A9492850B5A800C61C3A /* Frameworks */ = {
			isa = PBXFrameworksBuildPhase;
			buildActionMask = 2147483647;
			files = (
			);
			runOnlyForDeploymentPostprocessing = 0;
		};
/* End PBXFrameworksBuildPhase section */

/* Begin PBXGroup section */
		2A07D937285118D400E72C84 /* Network */ = {
			isa = PBXGroup;
			children = (
				2AA1AF5B28573D41001ABDAA /* Client */,
				2A4D17862853982B00B30A04 /* Services */,
			);
			path = Network;
			sourceTree = "<group>";
		};
		2A07D94328511B2000E72C84 /* Models */ = {
			isa = PBXGroup;
			children = (
				2A4D17912853A32700B30A04 /* Beer.swift */,
			);
			path = Models;
			sourceTree = "<group>";
		};
		2A07D94B28513AD000E72C84 /* ViewControllers */ = {
			isa = PBXGroup;
			children = (
				2AADA5CC28589F8F001A90F9 /* Cells */,
				2A94A9532850B5A800C61C3A /* BeersListViewController.swift */,
				2AADBFB12857B7F4000D74AD /* BeerDetailViewController.swift */,
			);
			path = ViewControllers;
			sourceTree = "<group>";
		};
		2A07D94C28513AD600E72C84 /* Views */ = {
			isa = PBXGroup;
			children = (
				2A4D1793285570DE00B30A04 /* Cells */,
				2A94A9552850B5A800C61C3A /* Beers.storyboard */,
			);
			path = Views;
			sourceTree = "<group>";
		};
		2A07D94D28513AE300E72C84 /* Utils */ = {
			isa = PBXGroup;
			children = (
				2AADBFB52857D311000D74AD /* Helpers */,
				2A4D17962855726400B30A04 /* Constants.swift */,
			);
			path = Utils;
			sourceTree = "<group>";
		};
		2A4D17862853982B00B30A04 /* Services */ = {
			isa = PBXGroup;
			children = (
				2A4D178B2853994F00B30A04 /* BeerService.swift */,
			);
			path = Services;
			sourceTree = "<group>";
		};
		2A4D1793285570DE00B30A04 /* Cells */ = {
			isa = PBXGroup;
			children = (
				2A4D1794285571DA00B30A04 /* BeerCell.xib */,
			);
			path = Cells;
			sourceTree = "<group>";
		};
		2A94A9432850B5A800C61C3A = {
			isa = PBXGroup;
			children = (
				2A94A94E2850B5A800C61C3A /* Beers */,
				2A94A94D2850B5A800C61C3A /* Products */,
			);
			sourceTree = "<group>";
		};
		2A94A94D2850B5A800C61C3A /* Products */ = {
			isa = PBXGroup;
			children = (
				2A94A94C2850B5A800C61C3A /* Beers.app */,
			);
			name = Products;
			sourceTree = "<group>";
		};
		2A94A94E2850B5A800C61C3A /* Beers */ = {
			isa = PBXGroup;
			children = (
				2A07D94328511B2000E72C84 /* Models */,
				2A07D94C28513AD600E72C84 /* Views */,
				2A07D94B28513AD000E72C84 /* ViewControllers */,
				2AA1AF702857AF28001ABDAA /* Coordinators */,
				2A07D937285118D400E72C84 /* Network */,
				2A07D94D28513AE300E72C84 /* Utils */,
				2A94A94F2850B5A800C61C3A /* AppDelegate.swift */,
				2A94A9512850B5A800C61C3A /* SceneDelegate.swift */,
				2A94A9582850B5AA00C61C3A /* Assets.xcassets */,
				2A94A95A2850B5AA00C61C3A /* LaunchScreen.storyboard */,
				2A94A95D2850B5AA00C61C3A /* Info.plist */,
			);
			path = Beers;
			sourceTree = "<group>";
		};
		2AA1AF5B28573D41001ABDAA /* Client */ = {
			isa = PBXGroup;
			children = (
				2AA1AF5C28573EC6001ABDAA /* HTTPClient.swift */,
				2A049E5F28596927008C4482 /* NetworkError.swift */,
			);
			path = Client;
			sourceTree = "<group>";
		};
		2AA1AF702857AF28001ABDAA /* Coordinators */ = {
			isa = PBXGroup;
			children = (
				2AA1AF712857AF35001ABDAA /* AppCoordinator.swift */,
			);
			path = Coordinators;
			sourceTree = "<group>";
		};
		2AADA5CC28589F8F001A90F9 /* Cells */ = {
			isa = PBXGroup;
			children = (
				2A4D17982855734E00B30A04 /* BeerCellListViewController.swift */,
			);
			path = Cells;
			sourceTree = "<group>";
		};
		2AADBFB52857D311000D74AD /* Helpers */ = {
			isa = PBXGroup;
			children = (
				2AADBFB32857C4D3000D74AD /* Storyboarded.swift */,
				2AADBFB62857D352000D74AD /* ImageLoader.swift */,
			);
			path = Helpers;
			sourceTree = "<group>";
		};
/* End PBXGroup section */

/* Begin PBXNativeTarget section */
		2A94A94B2850B5A800C61C3A /* Beers */ = {
			isa = PBXNativeTarget;
			buildConfigurationList = 2A94A9602850B5AA00C61C3A /* Build configuration list for PBXNativeTarget "Beers" */;
			buildPhases = (
				2A94A9482850B5A800C61C3A /* Sources */,
				2A94A9492850B5A800C61C3A /* Frameworks */,
				2A94A94A2850B5A800C61C3A /* Resources */,
			);
			buildRules = (
			);
			dependencies = (
			);
			name = Beers;
			packageProductDependencies = (
			);
			productName = Beers;
			productReference = 2A94A94C2850B5A800C61C3A /* Beers.app */;
			productType = "com.apple.product-type.application";
		};
/* End PBXNativeTarget section */

/* Begin PBXProject section */
		2A94A9442850B5A800C61C3A /* Project object */ = {
			isa = PBXProject;
			attributes = {
				BuildIndependentTargetsInParallel = 1;
				LastSwiftUpdateCheck = 1400;
				LastUpgradeCheck = 1400;
				TargetAttributes = {
					2A94A94B2850B5A800C61C3A = {
						CreatedOnToolsVersion = 14.0;
					};
				};
			};
			buildConfigurationList = 2A94A9472850B5A800C61C3A /* Build configuration list for PBXProject "Beers" */;
			compatibilityVersion = "Xcode 14.0";
			developmentRegion = en;
			hasScannedForEncodings = 0;
			knownRegions = (
				en,
				Base,
			);
			mainGroup = 2A94A9432850B5A800C61C3A;
			packageReferences = (
			);
			productRefGroup = 2A94A94D2850B5A800C61C3A /* Products */;
			projectDirPath = "";
			projectRoot = "";
			targets = (
				2A94A94B2850B5A800C61C3A /* Beers */,
			);
		};
/* End PBXProject section */

/* Begin PBXResourcesBuildPhase section */
		2A94A94A2850B5A800C61C3A /* Resources */ = {
			isa = PBXResourcesBuildPhase;
			buildActionMask = 2147483647;
			files = (
				2A94A95C2850B5AA00C61C3A /* LaunchScreen.storyboard in Resources */,
				2A94A9592850B5AA00C61C3A /* Assets.xcassets in Resources */,
				2A94A9572850B5A800C61C3A /* Beers.storyboard in Resources */,
				2A4D1795285571DA00B30A04 /* BeerCell.xib in Resources */,
			);
			runOnlyForDeploymentPostprocessing = 0;
		};
/* End PBXResourcesBuildPhase section */

/* Begin PBXSourcesBuildPhase section */
		2A94A9482850B5A800C61C3A /* Sources */ = {
			isa = PBXSourcesBuildPhase;
			buildActionMask = 2147483647;
			files = (
				2AA1AF5D28573EC6001ABDAA /* HTTPClient.swift in Sources */,
				2A4D178C2853994F00B30A04 /* BeerService.swift in Sources */,
				2AA1AF722857AF35001ABDAA /* AppCoordinator.swift in Sources */,
				2AADBFB42857C4D3000D74AD /* Storyboarded.swift in Sources */,
				2A94A9542850B5A800C61C3A /* BeersListViewController.swift in Sources */,
				2AADBFB22857B7F4000D74AD /* BeerDetailViewController.swift in Sources */,
				2AADBFB72857D352000D74AD /* ImageLoader.swift in Sources */,
				2A4D17992855734E00B30A04 /* BeerCellListViewController.swift in Sources */,
				2A049E6028596927008C4482 /* NetworkError.swift in Sources */,
				2A94A9502850B5A800C61C3A /* AppDelegate.swift in Sources */,
				2A4D17972855726400B30A04 /* Constants.swift in Sources */,
				2A4D17922853A32700B30A04 /* Beer.swift in Sources */,
				2A94A9522850B5A800C61C3A /* SceneDelegate.swift in Sources */,
			);
			runOnlyForDeploymentPostprocessing = 0;
		};
/* End PBXSourcesBuildPhase section */

/* Begin PBXVariantGroup section */
		2A94A9552850B5A800C61C3A /* Beers.storyboard */ = {
			isa = PBXVariantGroup;
			children = (
				2A94A9562850B5A800C61C3A /* Base */,
			);
			name = Beers.storyboard;
			sourceTree = "<group>";
		};
		2A94A95A2850B5AA00C61C3A /* LaunchScreen.storyboard */ = {
			isa = PBXVariantGroup;
			children = (
				2A94A95B2850B5AA00C61C3A /* Base */,
			);
			name = LaunchScreen.storyboard;
			sourceTree = "<group>";
		};
/* End PBXVariantGroup section */

/* Begin XCBuildConfiguration section */
		2A94A95E2850B5AA00C61C3A /* Debug */ = {
			isa = XCBuildConfiguration;
			buildSettings = {
				ALWAYS_SEARCH_USER_PATHS = NO;
				CLANG_ANALYZER_NONNULL = YES;
				CLANG_ANALYZER_NUMBER_OBJECT_CONVERSION = YES_AGGRESSIVE;
				CLANG_CXX_LANGUAGE_STANDARD = "gnu++17";
				CLANG_ENABLE_MODULES = YES;
				CLANG_ENABLE_OBJC_ARC = YES;
				CLANG_ENABLE_OBJC_WEAK = YES;
				CLANG_WARN_BLOCK_CAPTURE_AUTORELEASING = YES;
				CLANG_WARN_BOOL_CONVERSION = YES;
				CLANG_WARN_COMMA = YES;
				CLANG_WARN_CONSTANT_CONVERSION = YES;
				CLANG_WARN_DEPRECATED_OBJC_IMPLEMENTATIONS = YES;
				CLANG_WARN_DIRECT_OBJC_ISA_USAGE = YES_ERROR;
				CLANG_WARN_DOCUMENTATION_COMMENTS = YES;
				CLANG_WARN_EMPTY_BODY = YES;
				CLANG_WARN_ENUM_CONVERSION = YES;
				CLANG_WARN_INFINITE_RECURSION = YES;
				CLANG_WARN_INT_CONVERSION = YES;
				CLANG_WARN_NON_LITERAL_NULL_CONVERSION = YES;
				CLANG_WARN_OBJC_IMPLICIT_RETAIN_SELF = YES;
				CLANG_WARN_OBJC_LITERAL_CONVERSION = YES;
				CLANG_WARN_OBJC_ROOT_CLASS = YES_ERROR;
				CLANG_WARN_QUOTED_INCLUDE_IN_FRAMEWORK_HEADER = YES;
				CLANG_WARN_RANGE_LOOP_ANALYSIS = YES;
				CLANG_WARN_STRICT_PROTOTYPES = YES;
				CLANG_WARN_SUSPICIOUS_MOVE = YES;
				CLANG_WARN_UNGUARDED_AVAILABILITY = YES_AGGRESSIVE;
				CLANG_WARN_UNREACHABLE_CODE = YES;
				CLANG_WARN__DUPLICATE_METHOD_MATCH = YES;
				COPY_PHASE_STRIP = NO;
				DEBUG_INFORMATION_FORMAT = dwarf;
				ENABLE_STRICT_OBJC_MSGSEND = YES;
				ENABLE_TESTABILITY = YES;
				GCC_C_LANGUAGE_STANDARD = gnu11;
				GCC_DYNAMIC_NO_PIC = NO;
				GCC_NO_COMMON_BLOCKS = YES;
				GCC_OPTIMIZATION_LEVEL = 0;
				GCC_PREPROCESSOR_DEFINITIONS = (
					"DEBUG=1",
					"$(inherited)",
				);
				GCC_WARN_64_TO_32_BIT_CONVERSION = YES;
				GCC_WARN_ABOUT_RETURN_TYPE = YES_ERROR;
				GCC_WARN_UNDECLARED_SELECTOR = YES;
				GCC_WARN_UNINITIALIZED_AUTOS = YES_AGGRESSIVE;
				GCC_WARN_UNUSED_FUNCTION = YES;
				GCC_WARN_UNUSED_VARIABLE = YES;
				IPHONEOS_DEPLOYMENT_TARGET = 13.0;
				MTL_ENABLE_DEBUG_INFO = INCLUDE_SOURCE;
				MTL_FAST_MATH = YES;
				ONLY_ACTIVE_ARCH = YES;
				SDKROOT = iphoneos;
				SWIFT_ACTIVE_COMPILATION_CONDITIONS = DEBUG;
				SWIFT_OPTIMIZATION_LEVEL = "-Onone";
			};
			name = Debug;
		};
		2A94A95F2850B5AA00C61C3A /* Release */ = {
			isa = XCBuildConfiguration;
			buildSettings = {
				ALWAYS_SEARCH_USER_PATHS = NO;
				CLANG_ANALYZER_NONNULL = YES;
				CLANG_ANALYZER_NUMBER_OBJECT_CONVERSION = YES_AGGRESSIVE;
				CLANG_CXX_LANGUAGE_STANDARD = "gnu++17";
				CLANG_ENABLE_MODULES = YES;
				CLANG_ENABLE_OBJC_ARC = YES;
				CLANG_ENABLE_OBJC_WEAK = YES;
				CLANG_WARN_BLOCK_CAPTURE_AUTORELEASING = YES;
				CLANG_WARN_BOOL_CONVERSION = YES;
				CLANG_WARN_COMMA = YES;
				CLANG_WARN_CONSTANT_CONVERSION = YES;
				CLANG_WARN_DEPRECATED_OBJC_IMPLEMENTATIONS = YES;
				CLANG_WARN_DIRECT_OBJC_ISA_USAGE = YES_ERROR;
				CLANG_WARN_DOCUMENTATION_COMMENTS = YES;
				CLANG_WARN_EMPTY_BODY = YES;
				CLANG_WARN_ENUM_CONVERSION = YES;
				CLANG_WARN_INFINITE_RECURSION = YES;
				CLANG_WARN_INT_CONVERSION = YES;
				CLANG_WARN_NON_LITERAL_NULL_CONVERSION = YES;
				CLANG_WARN_OBJC_IMPLICIT_RETAIN_SELF = YES;
				CLANG_WARN_OBJC_LITERAL_CONVERSION = YES;
				CLANG_WARN_OBJC_ROOT_CLASS = YES_ERROR;
				CLANG_WARN_QUOTED_INCLUDE_IN_FRAMEWORK_HEADER = YES;
				CLANG_WARN_RANGE_LOOP_ANALYSIS = YES;
				CLANG_WARN_STRICT_PROTOTYPES = YES;
				CLANG_WARN_SUSPICIOUS_MOVE = YES;
				CLANG_WARN_UNGUARDED_AVAILABILITY = YES_AGGRESSIVE;
				CLANG_WARN_UNREACHABLE_CODE = YES;
				CLANG_WARN__DUPLICATE_METHOD_MATCH = YES;
				COPY_PHASE_STRIP = NO;
				DEBUG_INFORMATION_FORMAT = "dwarf-with-dsym";
				ENABLE_NS_ASSERTIONS = NO;
				ENABLE_STRICT_OBJC_MSGSEND = YES;
				GCC_C_LANGUAGE_STANDARD = gnu11;
				GCC_NO_COMMON_BLOCKS = YES;
				GCC_WARN_64_TO_32_BIT_CONVERSION = YES;
				GCC_WARN_ABOUT_RETURN_TYPE = YES_ERROR;
				GCC_WARN_UNDECLARED_SELECTOR = YES;
				GCC_WARN_UNINITIALIZED_AUTOS = YES_AGGRESSIVE;
				GCC_WARN_UNUSED_FUNCTION = YES;
				GCC_WARN_UNUSED_VARIABLE = YES;
				IPHONEOS_DEPLOYMENT_TARGET = 13.0;
				MTL_ENABLE_DEBUG_INFO = NO;
				MTL_FAST_MATH = YES;
				SDKROOT = iphoneos;
				SWIFT_COMPILATION_MODE = wholemodule;
				SWIFT_OPTIMIZATION_LEVEL = "-O";
				VALIDATE_PRODUCT = YES;
			};
			name = Release;
		};
		2A94A9612850B5AA00C61C3A /* Debug */ = {
			isa = XCBuildConfiguration;
			buildSettings = {
				ASSETCATALOG_COMPILER_APPICON_NAME = AppIcon;
				ASSETCATALOG_COMPILER_GLOBAL_ACCENT_COLOR_NAME = AccentColor;
				ASSETCATALOG_COMPILER_INCLUDE_ALL_APPICON_ASSETS = NO;
				CODE_SIGN_STYLE = Automatic;
				CURRENT_PROJECT_VERSION = 1;
				DEVELOPMENT_TEAM = 7JWDG664X4;
				GENERATE_INFOPLIST_FILE = YES;
				INFOPLIST_FILE = Beers/Info.plist;
				INFOPLIST_KEY_CFBundleDisplayName = MyBeer;
				INFOPLIST_KEY_LSApplicationCategoryType = "public.app-category.food-and-drink";
				INFOPLIST_KEY_UIApplicationSupportsIndirectInputEvents = YES;
				INFOPLIST_KEY_UILaunchStoryboardName = LaunchScreen.storyboard;
				INFOPLIST_KEY_UIRequiresFullScreen = YES;
				INFOPLIST_KEY_UISupportedInterfaceOrientations = UIInterfaceOrientationPortrait;
				INFOPLIST_KEY_UISupportedInterfaceOrientations_iPad = "UIInterfaceOrientationLandscapeLeft UIInterfaceOrientationLandscapeRight UIInterfaceOrientationPortraitUpsideDown";
				LD_RUNPATH_SEARCH_PATHS = (
					"$(inherited)",
					"@executable_path/Frameworks",
				);
				MARKETING_VERSION = 1.0;
				PRODUCT_BUNDLE_IDENTIFIER = com.couso.beers.Beers;
				PRODUCT_NAME = "$(TARGET_NAME)";
				SUPPORTED_PLATFORMS = "iphoneos iphonesimulator";
				SUPPORTS_MACCATALYST = NO;
				SUPPORTS_MAC_DESIGNED_FOR_IPHONE_IPAD = NO;
				SWIFT_EMIT_LOC_STRINGS = YES;
				SWIFT_VERSION = 5.0;
				TARGETED_DEVICE_FAMILY = 1;
			};
			name = Debug;
		};
		2A94A9622850B5AA00C61C3A /* Release */ = {
			isa = XCBuildConfiguration;
			buildSettings = {
				ASSETCATALOG_COMPILER_APPICON_NAME = AppIcon;
				ASSETCATALOG_COMPILER_GLOBAL_ACCENT_COLOR_NAME = AccentColor;
				ASSETCATALOG_COMPILER_INCLUDE_ALL_APPICON_ASSETS = NO;
				CODE_SIGN_STYLE = Automatic;
				CURRENT_PROJECT_VERSION = 1;
				DEVELOPMENT_TEAM = 7JWDG664X4;
				GENERATE_INFOPLIST_FILE = YES;
				INFOPLIST_FILE = Beers/Info.plist;
				INFOPLIST_KEY_CFBundleDisplayName = MyBeer;
				INFOPLIST_KEY_LSApplicationCategoryType = "public.app-category.food-and-drink";
				INFOPLIST_KEY_UIApplicationSupportsIndirectInputEvents = YES;
				INFOPLIST_KEY_UILaunchStoryboardName = LaunchScreen.storyboard;
				INFOPLIST_KEY_UIRequiresFullScreen = YES;
				INFOPLIST_KEY_UISupportedInterfaceOrientations = UIInterfaceOrientationPortrait;
				INFOPLIST_KEY_UISupportedInterfaceOrientations_iPad = "UIInterfaceOrientationLandscapeLeft UIInterfaceOrientationLandscapeRight UIInterfaceOrientationPortraitUpsideDown";
				LD_RUNPATH_SEARCH_PATHS = (
					"$(inherited)",
					"@executable_path/Frameworks",
				);
				MARKETING_VERSION = 1.0;
				PRODUCT_BUNDLE_IDENTIFIER = com.couso.beers.Beers;
				PRODUCT_NAME = "$(TARGET_NAME)";
				SUPPORTED_PLATFORMS = "iphoneos iphonesimulator";
				SUPPORTS_MACCATALYST = NO;
				SUPPORTS_MAC_DESIGNED_FOR_IPHONE_IPAD = NO;
				SWIFT_EMIT_LOC_STRINGS = YES;
				SWIFT_VERSION = 5.0;
				TARGETED_DEVICE_FAMILY = 1;
			};
			name = Release;
		};
/* End XCBuildConfiguration section */

/* Begin XCConfigurationList section */
		2A94A9472850B5A800C61C3A /* Build configuration list for PBXProject "Beers" */ = {
			isa = XCConfigurationList;
			buildConfigurations = (
				2A94A95E2850B5AA00C61C3A /* Debug */,
				2A94A95F2850B5AA00C61C3A /* Release */,
			);
			defaultConfigurationIsVisible = 0;
			defaultConfigurationName = Release;
		};
		2A94A9602850B5AA00C61C3A /* Build configuration list for PBXNativeTarget "Beers" */ = {
			isa = XCConfigurationList;
			buildConfigurations = (
				2A94A9612850B5AA00C61C3A /* Debug */,
				2A94A9622850B5AA00C61C3A /* Release */,
			);
			defaultConfigurationIsVisible = 0;
			defaultConfigurationName = Release;
		};
/* End XCConfigurationList section */
	};
	rootObject = 2A94A9442850B5A800C61C3A /* Project object */;
}
